
Microsoft Visual Studio Solution File, Format Version 12.00
# Visual Studio Version 17
VisualStudioVersion = 17.7.34024.191
MinimumVisualStudioVersion = 10.0.40219.1
Project("{FAE04EC0-301F-11D3-BF4B-00C04F79EFBC}") = "MyApiApplication", "MyApiApplication\MyApiApplication.csproj", "{E0CF7648-0823-4EF1-866F-1EFC9A955053}"
EndProject
Global
	GlobalSection(SolutionConfigurationPlatforms) = preSolution
		Debug|Any CPU = Debug|Any CPU
		Release|Any CPU = Release|Any CPU
	EndGlobalSection
	GlobalSection(ProjectConfigurationPlatforms) = postSolution
		{E0CF7648-0823-4EF1-866F-1EFC9A955053}.Debug|Any CPU.ActiveCfg = Debug|Any CPU
		{E0CF7648-0823-4EF1-866F-1EFC9A955053}.Debug|Any CPU.Build.0 = Debug|Any CPU
		{E0CF7648-0823-4EF1-866F-1EFC9A955053}.Release|Any CPU.ActiveCfg = Release|Any CPU
		{E0CF7648-0823-4EF1-866F-1EFC9A955053}.Release|Any CPU.Build.0 = Release|Any CPU
	EndGlobalSection
	GlobalSection(SolutionProperties) = preSolution
		HideSolutionNode = FALSE
	EndGlobalSection
	GlobalSection(ExtensibilityGlobals) = postSolution
		SolutionGuid = {317CD8CC-A1D2-46FB-A054-DC105F288B7B}
	EndGlobalSection
EndGlobal
